
Microsoft Visual Studio Solution File, Format Version 12.00
# Visual Studio Version 17
VisualStudioVersion = 17.7.34031.279
MinimumVisualStudioVersion = 10.0.40219.1
Project("{FAE04EC0-301F-11D3-BF4B-00C04F79EFBC}") = "Kkts.Examples.VariableResolver", "Kkts.Examples.VariableResolver\Kkts.Examples.VariableResolver.csproj", "{54BBAB0A-A4F5-4BAE-977A-CEBAE923B13A}"
EndProject
Project("{9A19103F-16F7-4668-BE54-9A1E7A4F7556}") = "Kkts.Expressions", "..\..\src\Kkts.Expressions\Kkts.Expressions.csproj", "{B6C2763C-7136-436E-B047-091A96FF5AC0}"
EndProject
Global
	GlobalSection(SolutionConfigurationPlatforms) = preSolution
		Debug|Any CPU = Debug|Any CPU
		Release|Any CPU = Release|Any CPU
	EndGlobalSection
	GlobalSection(ProjectConfigurationPlatforms) = postSolution
		{54BBAB0A-A4F5-4BAE-977A-CEBAE923B13A}.Debug|Any CPU.ActiveCfg = Debug|Any CPU
		{54BBAB0A-A4F5-4BAE-977A-CEBAE923B13A}.Debug|Any CPU.Build.0 = Debug|Any CPU
		{54BBAB0A-A4F5-4BAE-977A-CEBAE923B13A}.Release|Any CPU.ActiveCfg = Release|Any CPU
		{54BBAB0A-A4F5-4BAE-977A-CEBAE923B13A}.Release|Any CPU.Build.0 = Release|Any CPU
		{B6C2763C-7136-436E-B047-091A96FF5AC0}.Debug|Any CPU.ActiveCfg = Debug|Any CPU
		{B6C2763C-7136-436E-B047-091A96FF5AC0}.Debug|Any CPU.Build.0 = Debug|Any CPU
		{B6C2763C-7136-436E-B047-091A96FF5AC0}.Release|Any CPU.ActiveCfg = Release|Any CPU
		{B6C2763C-7136-436E-B047-091A96FF5AC0}.Release|Any CPU.Build.0 = Release|Any CPU
	EndGlobalSection
	GlobalSection(SolutionProperties) = preSolution
		HideSolutionNode = FALSE
	EndGlobalSection
	GlobalSection(ExtensibilityGlobals) = postSolution
		SolutionGuid = {195518CC-954C-4927-9200-FFB412EC7B18}
	EndGlobalSection
EndGlobal
